
Microsoft Visual Studio Solution File, Format Version 12.00
# Visual Studio 15
VisualStudioVersion = 15.0.26430.16
MinimumVisualStudioVersion = 10.0.40219.1
Project("{FAE04EC0-301F-11D3-BF4B-00C04F79EFBC}") = "GildedRose.Logic", "GildedRose.Logic\GildedRose.Logic.csproj", "{2E58C84F-43A1-42C3-90FE-BCBB70E3218A}"
EndProject
Project("{FAE04EC0-301F-11D3-BF4B-00C04F79EFBC}") = "GildedRose.Tests", "GildedRose.Tests\GildedRose.Tests.csproj", "{D700C884-34C7-4BC1-95A7-B45297A4FDA1}"
EndProject
Project("{FAE04EC0-301F-11D3-BF4B-00C04F79EFBC}") = "GuildedRose.Utility", "GuildedRose.Utility\GuildedRose.Utility.csproj", "{516E311B-1969-46FF-ABA7-94C4C77C265A}"
EndProject
Global
	GlobalSection(SolutionConfigurationPlatforms) = preSolution
		Debug|Any CPU = Debug|Any CPU
		Release|Any CPU = Release|Any CPU
	EndGlobalSection
	GlobalSection(ProjectConfigurationPlatforms) = postSolution
		{2E58C84F-43A1-42C3-90FE-BCBB70E3218A}.Debug|Any CPU.ActiveCfg = Debug|Any CPU
		{2E58C84F-43A1-42C3-90FE-BCBB70E3218A}.Debug|Any CPU.Build.0 = Debug|Any CPU
		{2E58C84F-43A1-42C3-90FE-BCBB70E3218A}.Release|Any CPU.ActiveCfg = Release|Any CPU
		{2E58C84F-43A1-42C3-90FE-BCBB70E3218A}.Release|Any CPU.Build.0 = Release|Any CPU
		{D700C884-34C7-4BC1-95A7-B45297A4FDA1}.Debug|Any CPU.ActiveCfg = Debug|Any CPU
		{D700C884-34C7-4BC1-95A7-B45297A4FDA1}.Debug|Any CPU.Build.0 = Debug|Any CPU
		{D700C884-34C7-4BC1-95A7-B45297A4FDA1}.Release|Any CPU.ActiveCfg = Release|Any CPU
		{D700C884-34C7-4BC1-95A7-B45297A4FDA1}.Release|Any CPU.Build.0 = Release|Any CPU
		{516E311B-1969-46FF-ABA7-94C4C77C265A}.Debug|Any CPU.ActiveCfg = Debug|Any CPU
		{516E311B-1969-46FF-ABA7-94C4C77C265A}.Debug|Any CPU.Build.0 = Debug|Any CPU
		{516E311B-1969-46FF-ABA7-94C4C77C265A}.Release|Any CPU.ActiveCfg = Release|Any CPU
		{516E311B-1969-46FF-ABA7-94C4C77C265A}.Release|Any CPU.Build.0 = Release|Any CPU
	EndGlobalSection
	GlobalSection(SolutionProperties) = preSolution
		HideSolutionNode = FALSE
	EndGlobalSection
EndGlobal
